
Microsoft Visual Studio Solution File, Format Version 12.00
Project("{FAE04EC0-301F-11D3-BF4B-00C04F79EFBC}") = "Domain", "Domain\Domain.csproj", "{4900D474-267C-4F41-BB2C-437637F0358F}"
EndProject
Project("{FAE04EC0-301F-11D3-BF4B-00C04F79EFBC}") = "Blazor", "Blazor\Blazor.csproj", "{D0751587-C29A-4EA9-BAE5-6CD44895B5C2}"
EndProject
Project("{FAE04EC0-301F-11D3-BF4B-00C04F79EFBC}") = "FileData", "FileData\FileData.csproj", "{175D7A15-7454-4712-92BC-B1590B81805C}"
EndProject
Project("{FAE04EC0-301F-11D3-BF4B-00C04F79EFBC}") = "WebAPI", "WebAPI\WebAPI.csproj", "{4AAD03A2-8DF5-4210-9C7E-2EEC8AB9890F}"
EndProject
Project("{FAE04EC0-301F-11D3-BF4B-00C04F79EFBC}") = "HttpServices", "HttpServices\HttpServices.csproj", "{EF79FB81-9685-4FE5-8C16-580319A7FF43}"
EndProject
Project("{FAE04EC0-301F-11D3-BF4B-00C04F79EFBC}") = "EfcData", "EfcData\EfcData.csproj", "{ADE45190-3925-4EBA-81B5-A5567B2A3496}"
EndProject
Global
	GlobalSection(SolutionConfigurationPlatforms) = preSolution
		Debug|Any CPU = Debug|Any CPU
		Release|Any CPU = Release|Any CPU
	EndGlobalSection
	GlobalSection(ProjectConfigurationPlatforms) = postSolution
		{4900D474-267C-4F41-BB2C-437637F0358F}.Debug|Any CPU.ActiveCfg = Debug|Any CPU
		{4900D474-267C-4F41-BB2C-437637F0358F}.Debug|Any CPU.Build.0 = Debug|Any CPU
		{4900D474-267C-4F41-BB2C-437637F0358F}.Release|Any CPU.ActiveCfg = Release|Any CPU
		{4900D474-267C-4F41-BB2C-437637F0358F}.Release|Any CPU.Build.0 = Release|Any CPU
		{D0751587-C29A-4EA9-BAE5-6CD44895B5C2}.Debug|Any CPU.ActiveCfg = Debug|Any CPU
		{D0751587-C29A-4EA9-BAE5-6CD44895B5C2}.Debug|Any CPU.Build.0 = Debug|Any CPU
		{D0751587-C29A-4EA9-BAE5-6CD44895B5C2}.Release|Any CPU.ActiveCfg = Release|Any CPU
		{D0751587-C29A-4EA9-BAE5-6CD44895B5C2}.Release|Any CPU.Build.0 = Release|Any CPU
		{175D7A15-7454-4712-92BC-B1590B81805C}.Debug|Any CPU.ActiveCfg = Debug|Any CPU
		{175D7A15-7454-4712-92BC-B1590B81805C}.Debug|Any CPU.Build.0 = Debug|Any CPU
		{175D7A15-7454-4712-92BC-B1590B81805C}.Release|Any CPU.ActiveCfg = Release|Any CPU
		{175D7A15-7454-4712-92BC-B1590B81805C}.Release|Any CPU.Build.0 = Release|Any CPU
		{4AAD03A2-8DF5-4210-9C7E-2EEC8AB9890F}.Debug|Any CPU.ActiveCfg = Debug|Any CPU
		{4AAD03A2-8DF5-4210-9C7E-2EEC8AB9890F}.Debug|Any CPU.Build.0 = Debug|Any CPU
		{4AAD03A2-8DF5-4210-9C7E-2EEC8AB9890F}.Release|Any CPU.ActiveCfg = Release|Any CPU
		{4AAD03A2-8DF5-4210-9C7E-2EEC8AB9890F}.Release|Any CPU.Build.0 = Release|Any CPU
		{EF79FB81-9685-4FE5-8C16-580319A7FF43}.Debug|Any CPU.ActiveCfg = Debug|Any CPU
		{EF79FB81-9685-4FE5-8C16-580319A7FF43}.Debug|Any CPU.Build.0 = Debug|Any CPU
		{EF79FB81-9685-4FE5-8C16-580319A7FF43}.Release|Any CPU.ActiveCfg = Release|Any CPU
		{EF79FB81-9685-4FE5-8C16-580319A7FF43}.Release|Any CPU.Build.0 = Release|Any CPU
		{ADE45190-3925-4EBA-81B5-A5567B2A3496}.Debug|Any CPU.ActiveCfg = Debug|Any CPU
		{ADE45190-3925-4EBA-81B5-A5567B2A3496}.Debug|Any CPU.Build.0 = Debug|Any CPU
		{ADE45190-3925-4EBA-81B5-A5567B2A3496}.Release|Any CPU.ActiveCfg = Release|Any CPU
		{ADE45190-3925-4EBA-81B5-A5567B2A3496}.Release|Any CPU.Build.0 = Release|Any CPU
	EndGlobalSection
EndGlobal
